
Microsoft Visual Studio Solution File, Format Version 12.00
# Visual Studio Version 17
VisualStudioVersion = 17.14.36518.9 d17.14
MinimumVisualStudioVersion = 10.0.40219.1
Project("{FAE04EC0-301F-11D3-BF4B-00C04F79EFBC}") = "WpfReformat", "WpfReformat\WpfReformat.csproj", "{4BEF8068-B6B9-4C6B-BBFF-3FAF75C34E1B}"
EndProject
Global
	GlobalSection(SolutionConfigurationPlatforms) = preSolution
		Debug|Any CPU = Debug|Any CPU
		Release|Any CPU = Release|Any CPU
	EndGlobalSection
	GlobalSection(ProjectConfigurationPlatforms) = postSolution
		{4BEF8068-B6B9-4C6B-BBFF-3FAF75C34E1B}.Debug|Any CPU.ActiveCfg = Debug|Any CPU
		{4BEF8068-B6B9-4C6B-BBFF-3FAF75C34E1B}.Debug|Any CPU.Build.0 = Debug|Any CPU
		{4BEF8068-B6B9-4C6B-BBFF-3FAF75C34E1B}.Release|Any CPU.ActiveCfg = Release|Any CPU
		{4BEF8068-B6B9-4C6B-BBFF-3FAF75C34E1B}.Release|Any CPU.Build.0 = Release|Any CPU
	EndGlobalSection
	GlobalSection(SolutionProperties) = preSolution
		HideSolutionNode = FALSE
	EndGlobalSection
	GlobalSection(ExtensibilityGlobals) = postSolution
		SolutionGuid = {C4A3D6C5-2E33-4E5A-BD2E-094D693E1B20}
	EndGlobalSection
EndGlobal
